
Microsoft Visual Studio Solution File, Format Version 12.00
# Visual Studio 15
VisualStudioVersion = 15.0.28010.2046
MinimumVisualStudioVersion = 10.0.40219.1
Project("{FAE04EC0-301F-11D3-BF4B-00C04F79EFBC}") = "FileRenamer", "FileRenamer\FileRenamer.csproj", "{5D6902B5-B789-4C80-8748-585673C4AB25}"
EndProject
Global
	GlobalSection(SolutionConfigurationPlatforms) = preSolution
		Debug|Any CPU = Debug|Any CPU
		Release|Any CPU = Release|Any CPU
	EndGlobalSection
	GlobalSection(ProjectConfigurationPlatforms) = postSolution
		{5D6902B5-B789-4C80-8748-585673C4AB25}.Debug|Any CPU.ActiveCfg = Debug|Any CPU
		{5D6902B5-B789-4C80-8748-585673C4AB25}.Debug|Any CPU.Build.0 = Debug|Any CPU
		{5D6902B5-B789-4C80-8748-585673C4AB25}.Release|Any CPU.ActiveCfg = Release|Any CPU
		{5D6902B5-B789-4C80-8748-585673C4AB25}.Release|Any CPU.Build.0 = Release|Any CPU
	EndGlobalSection
	GlobalSection(SolutionProperties) = preSolution
		HideSolutionNode = FALSE
	EndGlobalSection
	GlobalSection(ExtensibilityGlobals) = postSolution
		SolutionGuid = {343F49E4-BEA3-4AD9-B415-11EC989A7FBC}
	EndGlobalSection
EndGlobal
